
Microsoft Visual Studio Solution File, Format Version 12.00
# Visual Studio Version 17
VisualStudioVersion = 17.8.34330.188
MinimumVisualStudioVersion = 10.0.40219.1
Project("{9A19103F-16F7-4668-BE54-9A1E7A4F7556}") = "ETA-API", "ETA-API.csproj", "{DC462B3E-FC0A-47B9-8163-9F9F715CA65D}"
EndProject
Global
	GlobalSection(SolutionConfigurationPlatforms) = preSolution
		Debug|Any CPU = Debug|Any CPU
		Release|Any CPU = Release|Any CPU
	EndGlobalSection
	GlobalSection(ProjectConfigurationPlatforms) = postSolution
		{DC462B3E-FC0A-47B9-8163-9F9F715CA65D}.Debug|Any CPU.ActiveCfg = Debug|Any CPU
		{DC462B3E-FC0A-47B9-8163-9F9F715CA65D}.Debug|Any CPU.Build.0 = Debug|Any CPU
		{DC462B3E-FC0A-47B9-8163-9F9F715CA65D}.Release|Any CPU.ActiveCfg = Release|Any CPU
		{DC462B3E-FC0A-47B9-8163-9F9F715CA65D}.Release|Any CPU.Build.0 = Release|Any CPU
	EndGlobalSection
	GlobalSection(SolutionProperties) = preSolution
		HideSolutionNode = FALSE
	EndGlobalSection
	GlobalSection(ExtensibilityGlobals) = postSolution
		SolutionGuid = {6DE1933A-93F4-43E4-B67A-3284A4647DC5}
	EndGlobalSection
EndGlobal
